// !$*UTF8*$!
{
	archiveVersion = 1;
	classes = {
	};
	objectVersion = 50;
	objects = {

/* Begin PBXBuildFile section */
		509FBF802628A29200818BD8 /* AppDelegate.swift in Sources */ = {isa = PBXBuildFile; fileRef = 509FBF7F2628A29200818BD8 /* AppDelegate.swift */; };
		509FBF822628A29200818BD8 /* SceneDelegate.swift in Sources */ = {isa = PBXBuildFile; fileRef = 509FBF812628A29200818BD8 /* SceneDelegate.swift */; };
		509FBF842628A29200818BD8 /* ViewController.swift in Sources */ = {isa = PBXBuildFile; fileRef = 509FBF832628A29200818BD8 /* ViewController.swift */; };
		509FBF872628A29200818BD8 /* Main.storyboard in Resources */ = {isa = PBXBuildFile; fileRef = 509FBF852628A29200818BD8 /* Main.storyboard */; };
		509FBF892628A29300818BD8 /* Assets.xcassets in Resources */ = {isa = PBXBuildFile; fileRef = 509FBF882628A29300818BD8 /* Assets.xcassets */; };
		509FBF8C2628A29300818BD8 /* LaunchScreen.storyboard in Resources */ = {isa = PBXBuildFile; fileRef = 509FBF8A2628A29300818BD8 /* LaunchScreen.storyboard */; };
		509FBF972628A29300818BD8 /* GitHubTestTests.swift in Sources */ = {isa = PBXBuildFile; fileRef = 509FBF962628A29300818BD8 /* GitHubTestTests.swift */; };
		509FBFA22628A29300818BD8 /* GitHubTestUITests.swift in Sources */ = {isa = PBXBuildFile; fileRef = 509FBFA12628A29300818BD8 /* GitHubTestUITests.swift */; };
/* End PBXBuildFile section */

/* Begin PBXContainerItemProxy section */
		509FBF932628A29300818BD8 /* PBXContainerItemProxy */ = {
			isa = PBXContainerItemProxy;
			containerPortal = 509FBF742628A29100818BD8 /* Project object */;
			proxyType = 1;
			remoteGlobalIDString = 509FBF7B2628A29200818BD8;
			remoteInfo = GitHubTest;
		};
		509FBF9E2628A29300818BD8 /* PBXContainerItemProxy */ = {
			isa = PBXContainerItemProxy;
			containerPortal = 509FBF742628A29100818BD8 /* Project object */;
			proxyType = 1;
			remoteGlobalIDString = 509FBF7B2628A29200818BD8;
			remoteInfo = GitHubTest;
		};
/* End PBXContainerItemProxy section */

/* Begin PBXFileReference section */
		509FBF7C2628A29200818BD8 /* GitHubTest.app */ = {isa = PBXFileReference; explicitFileType = wrapper.application; includeInIndex = 0; path = GitHubTest.app; sourceTree = BUILT_PRODUCTS_DIR; };
		509FBF7F2628A29200818BD8 /* AppDelegate.swift */ = {isa = PBXFileReference; lastKnownFileType = sourcecode.swift; path = AppDelegate.swift; sourceTree = "<group>"; };
		509FBF812628A29200818BD8 /* SceneDelegate.swift */ = {isa = PBXFileReference; lastKnownFileType = sourcecode.swift; path = SceneDelegate.swift; sourceTree = "<group>"; };
		509FBF832628A29200818BD8 /* ViewController.swift */ = {isa = PBXFileReference; lastKnownFileType = sourcecode.swift; path = ViewController.swift; sourceTree = "<group>"; };
		509FBF862628A29200818BD8 /* Base */ = {isa = PBXFileReference; lastKnownFileType = file.storyboard; name = Base; path = Base.lproj/Main.storyboard; sourceTree = "<group>"; };
		509FBF882628A29300818BD8 /* Assets.xcassets */ = {isa = PBXFileReference; lastKnownFileType = folder.assetcatalog; path = Assets.xcassets; sourceTree = "<group>"; };
		509FBF8B2628A29300818BD8 /* Base */ = {isa = PBXFileReference; lastKnownFileType = file.storyboard; name = Base; path = Base.lproj/LaunchScreen.storyboard; sourceTree = "<group>"; };
		509FBF8D2628A29300818BD8 /* Info.plist */ = {isa = PBXFileReference; lastKnownFileType = text.plist.xml; path = Info.plist; sourceTree = "<group>"; };
		509FBF922628A29300818BD8 /* GitHubTestTests.xctest */ = {isa = PBXFileReference; explicitFileType = wrapper.cfbundle; includeInIndex = 0; path = GitHubTestTests.xctest; sourceTree = BUILT_PRODUCTS_DIR; };
		509FBF962628A29300818BD8 /* GitHubTestTests.swift */ = {isa = PBXFileReference; lastKnownFileType = sourcecode.swift; path = GitHubTestTests.swift; sourceTree = "<group>"; };
		509FBF982628A29300818BD8 /* Info.plist */ = {isa = PBXFileReference; lastKnownFileType = text.plist.xml; path = Info.plist; sourceTree = "<group>"; };
		509FBF9D2628A29300818BD8 /* GitHubTestUITests.xctest */ = {isa = PBXFileReference; explicitFileType = wrapper.cfbundle; includeInIndex = 0; path = GitHubTestUITests.xctest; sourceTree = BUILT_PRODUCTS_DIR; };
		509FBFA12628A29300818BD8 /* GitHubTestUITests.swift */ = {isa = PBXFileReference; lastKnownFileType = sourcecode.swift; path = GitHubTestUITests.swift; sourceTree = "<group>"; };
		509FBFA32628A29300818BD8 /* Info.plist */ = {isa = PBXFileReference; lastKnownFileType = text.plist.xml; path = Info.plist; sourceTree = "<group>"; };
/* End PBXFileReference section */

/* Begin PBXFrameworksBuildPhase section */
		509FBF792628A29200818BD8 /* Frameworks */ = {
			isa = PBXFrameworksBuildPhase;
			buildActionMask = 2147483647;
			files = (
			);
			runOnlyForDeploymentPostprocessing = 0;
		};
		509FBF8F2628A29300818BD8 /* Frameworks */ = {
			isa = PBXFrameworksBuildPhase;
			buildActionMask = 2147483647;
			files = (
			);
			runOnlyForDeploymentPostprocessing = 0;
		};
		509FBF9A2628A29300818BD8 /* Frameworks */ = {
			isa = PBXFrameworksBuildPhase;
			buildActionMask = 2147483647;
			files = (
			);
			runOnlyForDeploymentPostprocessing = 0;
		};
/* End PBXFrameworksBuildPhase section */

/* Begin PBXGroup section */
		509FBF732628A29100818BD8 = {
			isa = PBXGroup;
			children = (
				509FBF7E2628A29200818BD8 /* GitHubTest */,
				509FBF952628A29300818BD8 /* GitHubTestTests */,
				509FBFA02628A29300818BD8 /* GitHubTestUITests */,
				509FBF7D2628A29200818BD8 /* Products */,
			);
			sourceTree = "<group>";
		};
		509FBF7D2628A29200818BD8 /* Products */ = {
			isa = PBXGroup;
			children = (
				509FBF7C2628A29200818BD8 /* GitHubTest.app */,
				509FBF922628A29300818BD8 /* GitHubTestTests.xctest */,
				509FBF9D2628A29300818BD8 /* GitHubTestUITests.xctest */,
			);
			name = Products;
			sourceTree = "<group>";
		};
		509FBF7E2628A29200818BD8 /* GitHubTest */ = {
			isa = PBXGroup;
			children = (
				509FBF7F2628A29200818BD8 /* AppDelegate.swift */,
				509FBF812628A29200818BD8 /* SceneDelegate.swift */,
				509FBF832628A29200818BD8 /* ViewController.swift */,
				509FBF852628A29200818BD8 /* Main.storyboard */,
				509FBF882628A29300818BD8 /* Assets.xcassets */,
				509FBF8A2628A29300818BD8 /* LaunchScreen.storyboard */,
				509FBF8D2628A29300818BD8 /* Info.plist */,
			);
			path = GitHubTest;
			sourceTree = "<group>";
		};
		509FBF952628A29300818BD8 /* GitHubTestTests */ = {
			isa = PBXGroup;
			children = (
				509FBF962628A29300818BD8 /* GitHubTestTests.swift */,
				509FBF982628A29300818BD8 /* Info.plist */,
			);
			path = GitHubTestTests;
			sourceTree = "<group>";
		};
		509FBFA02628A29300818BD8 /* GitHubTestUITests */ = {
			isa = PBXGroup;
			children = (
				509FBFA12628A29300818BD8 /* GitHubTestUITests.swift */,
				509FBFA32628A29300818BD8 /* Info.plist */,
			);
			path = GitHubTestUITests;
			sourceTree = "<group>";
		};
/* End PBXGroup section */

/* Begin PBXNativeTarget section */
		509FBF7B2628A29200818BD8 /* GitHubTest */ = {
			isa = PBXNativeTarget;
			buildConfigurationList = 509FBFA62628A29300818BD8 /* Build configuration list for PBXNativeTarget "GitHubTest" */;
			buildPhases = (
				509FBF782628A29200818BD8 /* Sources */,
				509FBF792628A29200818BD8 /* Frameworks */,
				509FBF7A2628A29200818BD8 /* Resources */,
			);
			buildRules = (
			);
			dependencies = (
			);
			name = GitHubTest;
			productName = GitHubTest;
			productReference = 509FBF7C2628A29200818BD8 /* GitHubTest.app */;
			productType = "com.apple.product-type.application";
		};
		509FBF912628A29300818BD8 /* GitHubTestTests */ = {
			isa = PBXNativeTarget;
			buildConfigurationList = 509FBFA92628A29300818BD8 /* Build configuration list for PBXNativeTarget "GitHubTestTests" */;
			buildPhases = (
				509FBF8E2628A29300818BD8 /* Sources */,
				509FBF8F2628A29300818BD8 /* Frameworks */,
				509FBF902628A29300818BD8 /* Resources */,
			);
			buildRules = (
			);
			dependencies = (
				509FBF942628A29300818BD8 /* PBXTargetDependency */,
			);
			name = GitHubTestTests;
			productName = GitHubTestTests;
			productReference = 509FBF922628A29300818BD8 /* GitHubTestTests.xctest */;
			productType = "com.apple.product-type.bundle.unit-test";
		};
		509FBF9C2628A29300818BD8 /* GitHubTestUITests */ = {
			isa = PBXNativeTarget;
			buildConfigurationList = 509FBFAC2628A29300818BD8 /* Build configuration list for PBXNativeTarget "GitHubTestUITests" */;
			buildPhases = (
				509FBF992628A29300818BD8 /* Sources */,
				509FBF9A2628A29300818BD8 /* Frameworks */,
				509FBF9B2628A29300818BD8 /* Resources */,
			);
			buildRules = (
			);
			dependencies = (
				509FBF9F2628A29300818BD8 /* PBXTargetDependency */,
			);
			name = GitHubTestUITests;
			productName = GitHubTestUITests;
			productReference = 509FBF9D2628A29300818BD8 /* GitHubTestUITests.xctest */;
			productType = "com.apple.product-type.bundle.ui-testing";
		};
/* End PBXNativeTarget section */

/* Begin PBXProject section */
		509FBF742628A29100818BD8 /* Project object */ = {
			isa = PBXProject;
			attributes = {
				LastSwiftUpdateCheck = 1210;
				LastUpgradeCheck = 1210;
				TargetAttributes = {
					509FBF7B2628A29200818BD8 = {
						CreatedOnToolsVersion = 12.1;
					};
					509FBF912628A29300818BD8 = {
						CreatedOnToolsVersion = 12.1;
						TestTargetID = 509FBF7B2628A29200818BD8;
					};
					509FBF9C2628A29300818BD8 = {
						CreatedOnToolsVersion = 12.1;
						TestTargetID = 509FBF7B2628A29200818BD8;
					};
				};
			};
			buildConfigurationList = 509FBF772628A29200818BD8 /* Build configuration list for PBXProject "GitHubTest" */;
			compatibilityVersion = "Xcode 9.3";
			developmentRegion = en;
			hasScannedForEncodings = 0;
			knownRegions = (
				en,
				Base,
			);
			mainGroup = 509FBF732628A29100818BD8;
			productRefGroup = 509FBF7D2628A29200818BD8 /* Products */;
			projectDirPath = "";
			projectRoot = "";
			targets = (
				509FBF7B2628A29200818BD8 /* GitHubTest */,
				509FBF912628A29300818BD8 /* GitHubTestTests */,
				509FBF9C2628A29300818BD8 /* GitHubTestUITests */,
			);
		};
/* End PBXProject section */

/* Begin PBXResourcesBuildPhase section */
		509FBF7A2628A29200818BD8 /* Resources */ = {
			isa = PBXResourcesBuildPhase;
			buildActionMask = 2147483647;
			files = (
				509FBF8C2628A29300818BD8 /* LaunchScreen.storyboard in Resources */,
				509FBF892628A29300818BD8 /* Assets.xcassets in Resources */,
				509FBF872628A29200818BD8 /* Main.storyboard in Resources */,
			);
			runOnlyForDeploymentPostprocessing = 0;
		};
		509FBF902628A29300818BD8 /* Resources */ = {
			isa = PBXResourcesBuildPhase;
			buildActionMask = 2147483647;
			files = (
			);
			runOnlyForDeploymentPostprocessing = 0;
		};
		509FBF9B2628A29300818BD8 /* Resources */ = {
			isa = PBXResourcesBuildPhase;
			buildActionMask = 2147483647;
			files = (
			);
			runOnlyForDeploymentPostprocessing = 0;
		};
/* End PBXResourcesBuildPhase section */

/* Begin PBXSourcesBuildPhase section */
		509FBF782628A29200818BD8 /* Sources */ = {
			isa = PBXSourcesBuildPhase;
			buildActionMask = 2147483647;
			files = (
				509FBF842628A29200818BD8 /* ViewController.swift in Sources */,
				509FBF802628A29200818BD8 /* AppDelegate.swift in Sources */,
				509FBF822628A29200818BD8 /* SceneDelegate.swift in Sources */,
			);
			runOnlyForDeploymentPostprocessing = 0;
		};
		509FBF8E2628A29300818BD8 /* Sources */ = {
			isa = PBXSourcesBuildPhase;
			buildActionMask = 2147483647;
			files = (
				509FBF972628A29300818BD8 /* GitHubTestTests.swift in Sources */,
			);
			runOnlyForDeploymentPostprocessing = 0;
		};
		509FBF992628A29300818BD8 /* Sources */ = {
			isa = PBXSourcesBuildPhase;
			buildActionMask = 2147483647;
			files = (
				509FBFA22628A29300818BD8 /* GitHubTestUITests.swift in Sources */,
			);
			runOnlyForDeploymentPostprocessing = 0;
		};
/* End PBXSourcesBuildPhase section */

/* Begin PBXTargetDependency section */
		509FBF942628A29300818BD8 /* PBXTargetDependency */ = {
			isa = PBXTargetDependency;
			target = 509FBF7B2628A29200818BD8 /* GitHubTest */;
			targetProxy = 509FBF932628A29300818BD8 /* PBXContainerItemProxy */;
		};
		509FBF9F2628A29300818BD8 /* PBXTargetDependency */ = {
			isa = PBXTargetDependency;
			target = 509FBF7B2628A29200818BD8 /* GitHubTest */;
			targetProxy = 509FBF9E2628A29300818BD8 /* PBXContainerItemProxy */;
		};
/* End PBXTargetDependency section */

/* Begin PBXVariantGroup section */
		509FBF852628A29200818BD8 /* Main.storyboard */ = {
			isa = PBXVariantGroup;
			children = (
				509FBF862628A29200818BD8 /* Base */,
			);
			name = Main.storyboard;
			sourceTree = "<group>";
		};
		509FBF8A2628A29300818BD8 /* LaunchScreen.storyboard */ = {
			isa = PBXVariantGroup;
			children = (
				509FBF8B2628A29300818BD8 /* Base */,
			);
			name = LaunchScreen.storyboard;
			sourceTree = "<group>";
		};
/* End PBXVariantGroup section */

/* Begin XCBuildConfiguration section */
		509FBFA42628A29300818BD8 /* Debug */ = {
			isa = XCBuildConfiguration;
			buildSettings = {
				ALWAYS_SEARCH_USER_PATHS = NO;
				CLANG_ANALYZER_NONNULL = YES;
				CLANG_ANALYZER_NUMBER_OBJECT_CONVERSION = YES_AGGRESSIVE;
				CLANG_CXX_LANGUAGE_STANDARD = "gnu++14";
				CLANG_CXX_LIBRARY = "libc++";
				CLANG_ENABLE_MODULES = YES;
				CLANG_ENABLE_OBJC_ARC = YES;
				CLANG_ENABLE_OBJC_WEAK = YES;
				CLANG_WARN_BLOCK_CAPTURE_AUTORELEASING = YES;
				CLANG_WARN_BOOL_CONVERSION = YES;
				CLANG_WARN_COMMA = YES;
				CLANG_WARN_CONSTANT_CONVERSION = YES;
				CLANG_WARN_DEPRECATED_OBJC_IMPLEMENTATIONS = YES;
				CLANG_WARN_DIRECT_OBJC_ISA_USAGE = YES_ERROR;
				CLANG_WARN_DOCUMENTATION_COMMENTS = YES;
				CLANG_WARN_EMPTY_BODY = YES;
				CLANG_WARN_ENUM_CONVERSION = YES;
				CLANG_WARN_INFINITE_RECURSION = YES;
				CLANG_WARN_INT_CONVERSION = YES;
				CLANG_WARN_NON_LITERAL_NULL_CONVERSION = YES;
				CLANG_WARN_OBJC_IMPLICIT_RETAIN_SELF = YES;
				CLANG_WARN_OBJC_LITERAL_CONVERSION = YES;
				CLANG_WARN_OBJC_ROOT_CLASS = YES_ERROR;
				CLANG_WARN_QUOTED_INCLUDE_IN_FRAMEWORK_HEADER = YES;
				CLANG_WARN_RANGE_LOOP_ANALYSIS = YES;
				CLANG_WARN_STRICT_PROTOTYPES = YES;
				CLANG_WARN_SUSPICIOUS_MOVE = YES;
				CLANG_WARN_UNGUARDED_AVAILABILITY = YES_AGGRESSIVE;
				CLANG_WARN_UNREACHABLE_CODE = YES;
				CLANG_WARN__DUPLICATE_METHOD_MATCH = YES;
				COPY_PHASE_STRIP = NO;
				DEBUG_INFORMATION_FORMAT = dwarf;
				ENABLE_STRICT_OBJC_MSGSEND = YES;
				ENABLE_TESTABILITY = YES;
				GCC_C_LANGUAGE_STANDARD = gnu11;
				GCC_DYNAMIC_NO_PIC = NO;
				GCC_NO_COMMON_BLOCKS = YES;
				GCC_OPTIMIZATION_LEVEL = 0;
				GCC_PREPROCESSOR_DEFINITIONS = (
					"DEBUG=1",
					"$(inherited)",
				);
				GCC_WARN_64_TO_32_BIT_CONVERSION = YES;
				GCC_WARN_ABOUT_RETURN_TYPE = YES_ERROR;
				GCC_WARN_UNDECLARED_SELECTOR = YES;
				GCC_WARN_UNINITIALIZED_AUTOS = YES_AGGRESSIVE;
				GCC_WARN_UNUSED_FUNCTION = YES;
				GCC_WARN_UNUSED_VARIABLE = YES;
				IPHONEOS_DEPLOYMENT_TARGET = 14.1;
				MTL_ENABLE_DEBUG_INFO = INCLUDE_SOURCE;
				MTL_FAST_MATH = YES;
				ONLY_ACTIVE_ARCH = YES;
				SDKROOT = iphoneos;
				SWIFT_ACTIVE_COMPILATION_CONDITIONS = DEBUG;
				SWIFT_OPTIMIZATION_LEVEL = "-Onone";
			};
			name = Debug;
		};
		509FBFA52628A29300818BD8 /* Release */ = {
			isa = XCBuildConfiguration;
			buildSettings = {
				ALWAYS_SEARCH_USER_PATHS = NO;
				CLANG_ANALYZER_NONNULL = YES;
				CLANG_ANALYZER_NUMBER_OBJECT_CONVERSION = YES_AGGRESSIVE;
				CLANG_CXX_LANGUAGE_STANDARD = "gnu++14";
				CLANG_CXX_LIBRARY = "libc++";
				CLANG_ENABLE_MODULES = YES;
				CLANG_ENABLE_OBJC_ARC = YES;
				CLANG_ENABLE_OBJC_WEAK = YES;
				CLANG_WARN_BLOCK_CAPTURE_AUTORELEASING = YES;
				CLANG_WARN_BOOL_CONVERSION = YES;
				CLANG_WARN_COMMA = YES;
				CLANG_WARN_CONSTANT_CONVERSION = YES;
				CLANG_WARN_DEPRECATED_OBJC_IMPLEMENTATIONS = YES;
				CLANG_WARN_DIRECT_OBJC_ISA_USAGE = YES_ERROR;
				CLANG_WARN_DOCUMENTATION_COMMENTS = YES;
				CLANG_WARN_EMPTY_BODY = YES;
				CLANG_WARN_ENUM_CONVERSION = YES;
				CLANG_WARN_INFINITE_RECURSION = YES;
				CLANG_WARN_INT_CONVERSION = YES;
				CLANG_WARN_NON_LITERAL_NULL_CONVERSION = YES;
				CLANG_WARN_OBJC_IMPLICIT_RETAIN_SELF = YES;
				CLANG_WARN_OBJC_LITERAL_CONVERSION = YES;
				CLANG_WARN_OBJC_ROOT_CLASS = YES_ERROR;
				CLANG_WARN_QUOTED_INCLUDE_IN_FRAMEWORK_HEADER = YES;
				CLANG_WARN_RANGE_LOOP_ANALYSIS = YES;
				CLANG_WARN_STRICT_PROTOTYPES = YES;
				CLANG_WARN_SUSPICIOUS_MOVE = YES;
				CLANG_WARN_UNGUARDED_AVAILABILITY = YES_AGGRESSIVE;
				CLANG_WARN_UNREACHABLE_CODE = YES;
				CLANG_WARN__DUPLICATE_METHOD_MATCH = YES;
				COPY_PHASE_STRIP = NO;
				DEBUG_INFORMATION_FORMAT = "dwarf-with-dsym";
				ENABLE_NS_ASSERTIONS = NO;
				ENABLE_STRICT_OBJC_MSGSEND = YES;
				GCC_C_LANGUAGE_STANDARD = gnu11;
				GCC_NO_COMMON_BLOCKS = YES;
				GCC_WARN_64_TO_32_BIT_CONVERSION = YES;
				GCC_WARN_ABOUT_RETURN_TYPE = YES_ERROR;
				GCC_WARN_UNDECLARED_SELECTOR = YES;
				GCC_WARN_UNINITIALIZED_AUTOS = YES_AGGRESSIVE;
				GCC_WARN_UNUSED_FUNCTION = YES;
				GCC_WARN_UNUSED_VARIABLE = YES;
				IPHONEOS_DEPLOYMENT_TARGET = 14.1;
				MTL_ENABLE_DEBUG_INFO = NO;
				MTL_FAST_MATH = YES;
				SDKROOT = iphoneos;
				SWIFT_COMPILATION_MODE = wholemodule;
				SWIFT_OPTIMIZATION_LEVEL = "-O";
				VALIDATE_PRODUCT = YES;
			};
			name = Release;
		};
		509FBFA72628A29300818BD8 /* Debug */ = {
			isa = XCBuildConfiguration;
			buildSettings = {
				ASSETCATALOG_COMPILER_APPICON_NAME = AppIcon;
				ASSETCATALOG_COMPILER_GLOBAL_ACCENT_COLOR_NAME = AccentColor;
				CODE_SIGN_STYLE = Automatic;
				DEVELOPMENT_TEAM = ZB4KSJ536C;
				INFOPLIST_FILE = GitHubTest/Info.plist;
				LD_RUNPATH_SEARCH_PATHS = (
					"$(inherited)",
					"@executable_path/Frameworks",
				);
				PRODUCT_BUNDLE_IDENTIFIER = MobileApps.GitHubTest;
				PRODUCT_NAME = "$(TARGET_NAME)";
				SWIFT_VERSION = 5.0;
				TARGETED_DEVICE_FAMILY = "1,2";
			};
			name = Debug;
		};
		509FBFA82628A29300818BD8 /* Release */ = {
			isa = XCBuildConfiguration;
			buildSettings = {
				ASSETCATALOG_COMPILER_APPICON_NAME = AppIcon;
				ASSETCATALOG_COMPILER_GLOBAL_ACCENT_COLOR_NAME = AccentColor;
				CODE_SIGN_STYLE = Automatic;
				DEVELOPMENT_TEAM = ZB4KSJ536C;
				INFOPLIST_FILE = GitHubTest/Info.plist;
				LD_RUNPATH_SEARCH_PATHS = (
					"$(inherited)",
					"@executable_path/Frameworks",
				);
				PRODUCT_BUNDLE_IDENTIFIER = MobileApps.GitHubTest;
				PRODUCT_NAME = "$(TARGET_NAME)";
				SWIFT_VERSION = 5.0;
				TARGETED_DEVICE_FAMILY = "1,2";
			};
			name = Release;
		};
		509FBFAA2628A29300818BD8 /* Debug */ = {
			isa = XCBuildConfiguration;
			buildSettings = {
				ALWAYS_EMBED_SWIFT_STANDARD_LIBRARIES = YES;
				BUNDLE_LOADER = "$(TEST_HOST)";
				CODE_SIGN_STYLE = Automatic;
				DEVELOPMENT_TEAM = ZB4KSJ536C;
				INFOPLIST_FILE = GitHubTestTests/Info.plist;
				IPHONEOS_DEPLOYMENT_TARGET = 14.1;
				LD_RUNPATH_SEARCH_PATHS = (
					"$(inherited)",
					"@executable_path/Frameworks",
					"@loader_path/Frameworks",
				);
				PRODUCT_BUNDLE_IDENTIFIER = MobileApps.GitHubTestTests;
				PRODUCT_NAME = "$(TARGET_NAME)";
				SWIFT_VERSION = 5.0;
				TARGETED_DEVICE_FAMILY = "1,2";
				TEST_HOST = "$(BUILT_PRODUCTS_DIR)/GitHubTest.app/GitHubTest";
			};
			name = Debug;
		};
		509FBFAB2628A29300818BD8 /* Release */ = {
			isa = XCBuildConfiguration;
			buildSettings = {
				ALWAYS_EMBED_SWIFT_STANDARD_LIBRARIES = YES;
				BUNDLE_LOADER = "$(TEST_HOST)";
				CODE_SIGN_STYLE = Automatic;
				DEVELOPMENT_TEAM = ZB4KSJ536C;
				INFOPLIST_FILE = GitHubTestTests/Info.plist;
				IPHONEOS_DEPLOYMENT_TARGET = 14.1;
				LD_RUNPATH_SEARCH_PATHS = (
					"$(inherited)",
					"@executable_path/Frameworks",
					"@loader_path/Frameworks",
				);
				PRODUCT_BUNDLE_IDENTIFIER = MobileApps.GitHubTestTests;
				PRODUCT_NAME = "$(TARGET_NAME)";
				SWIFT_VERSION = 5.0;
				TARGETED_DEVICE_FAMILY = "1,2";
				TEST_HOST = "$(BUILT_PRODUCTS_DIR)/GitHubTest.app/GitHubTest";
			};
			name = Release;
		};
		509FBFAD2628A29300818BD8 /* Debug */ = {
			isa = XCBuildConfiguration;
			buildSettings = {
				ALWAYS_EMBED_SWIFT_STANDARD_LIBRARIES = YES;
				CODE_SIGN_STYLE = Automatic;
				DEVELOPMENT_TEAM = ZB4KSJ536C;
				INFOPLIST_FILE = GitHubTestUITests/Info.plist;
				LD_RUNPATH_SEARCH_PATHS = (
					"$(inherited)",
					"@executable_path/Frameworks",
					"@loader_path/Frameworks",
				);
				PRODUCT_BUNDLE_IDENTIFIER = MobileApps.GitHubTestUITests;
				PRODUCT_NAME = "$(TARGET_NAME)";
				SWIFT_VERSION = 5.0;
				TARGETED_DEVICE_FAMILY = "1,2";
				TEST_TARGET_NAME = GitHubTest;
			};
			name = Debug;
		};
		509FBFAE2628A29300818BD8 /* Release */ = {
			isa = XCBuildConfiguration;
			buildSettings = {
				ALWAYS_EMBED_SWIFT_STANDARD_LIBRARIES = YES;
				CODE_SIGN_STYLE = Automatic;
				DEVELOPMENT_TEAM = ZB4KSJ536C;
				INFOPLIST_FILE = GitHubTestUITests/Info.plist;
				LD_RUNPATH_SEARCH_PATHS = (
					"$(inherited)",
					"@executable_path/Frameworks",
					"@loader_path/Frameworks",
				);
				PRODUCT_BUNDLE_IDENTIFIER = MobileApps.GitHubTestUITests;
				PRODUCT_NAME = "$(TARGET_NAME)";
				SWIFT_VERSION = 5.0;
				TARGETED_DEVICE_FAMILY = "1,2";
				TEST_TARGET_NAME = GitHubTest;
			};
			name = Release;
		};
/* End XCBuildConfiguration section */

/* Begin XCConfigurationList section */
		509FBF772628A29200818BD8 /* Build configuration list for PBXProject "GitHubTest" */ = {
			isa = XCConfigurationList;
			buildConfigurations = (
				509FBFA42628A29300818BD8 /* Debug */,
				509FBFA52628A29300818BD8 /* Release */,
			);
			defaultConfigurationIsVisible = 0;
			defaultConfigurationName = Release;
		};
		509FBFA62628A29300818BD8 /* Build configuration list for PBXNativeTarget "GitHubTest" */ = {
			isa = XCConfigurationList;
			buildConfigurations = (
				509FBFA72628A29300818BD8 /* Debug */,
				509FBFA82628A29300818BD8 /* Release */,
			);
			defaultConfigurationIsVisible = 0;
			defaultConfigurationName = Release;
		};
		509FBFA92628A29300818BD8 /* Build configuration list for PBXNativeTarget "GitHubTestTests" */ = {
			isa = XCConfigurationList;
			buildConfigurations = (
				509FBFAA2628A29300818BD8 /* Debug */,
				509FBFAB2628A29300818BD8 /* Release */,
			);
			defaultConfigurationIsVisible = 0;
			defaultConfigurationName = Release;
		};
		509FBFAC2628A29300818BD8 /* Build configuration list for PBXNativeTarget "GitHubTestUITests" */ = {
			isa = XCConfigurationList;
			buildConfigurations = (
				509FBFAD2628A29300818BD8 /* Debug */,
				509FBFAE2628A29300818BD8 /* Release */,
			);
			defaultConfigurationIsVisible = 0;
			defaultConfigurationName = Release;
		};
/* End XCConfigurationList section */
	};
	rootObject = 509FBF742628A29100818BD8 /* Project object */;
}
